
Microsoft Visual Studio Solution File, Format Version 11.00
# Visual Studio 2010
Project("{FAE04EC0-301F-11D3-BF4B-00C04F79EFBC}") = "2D UFO Tutorial", "Assembly-CSharp.csproj", "{FBDC0773-D9DE-0F57-D8B6-92D30377023E}"
EndProject
Project("{FAE04EC0-301F-11D3-BF4B-00C04F79EFBC}") = "2D UFO Tutorial", "Assembly-CSharp-Editor.csproj", "{84C344CB-818B-523E-75D2-E0026431CF36}"
EndProject
Global
	GlobalSection(SolutionConfigurationPlatforms) = preSolution
		Debug|Any CPU = Debug|Any CPU
		Release|Any CPU = Release|Any CPU
	EndGlobalSection
	GlobalSection(ProjectConfigurationPlatforms) = postSolution
		{FBDC0773-D9DE-0F57-D8B6-92D30377023E}.Debug|Any CPU.ActiveCfg = Debug|Any CPU
		{FBDC0773-D9DE-0F57-D8B6-92D30377023E}.Debug|Any CPU.Build.0 = Debug|Any CPU
		{FBDC0773-D9DE-0F57-D8B6-92D30377023E}.Release|Any CPU.ActiveCfg = Release|Any CPU
		{FBDC0773-D9DE-0F57-D8B6-92D30377023E}.Release|Any CPU.Build.0 = Release|Any CPU
		{84C344CB-818B-523E-75D2-E0026431CF36}.Debug|Any CPU.ActiveCfg = Debug|Any CPU
		{84C344CB-818B-523E-75D2-E0026431CF36}.Debug|Any CPU.Build.0 = Debug|Any CPU
		{84C344CB-818B-523E-75D2-E0026431CF36}.Release|Any CPU.ActiveCfg = Release|Any CPU
		{84C344CB-818B-523E-75D2-E0026431CF36}.Release|Any CPU.Build.0 = Release|Any CPU
	EndGlobalSection
	GlobalSection(SolutionProperties) = preSolution
		HideSolutionNode = FALSE
	EndGlobalSection
	GlobalSection(MonoDevelopProperties) = preSolution
		StartupItem = Assembly-CSharp.csproj
	EndGlobalSection
EndGlobal
